dependencies:
- name: apf
  repository: ""
  version: ~1
- name: admission-controller
  repository: ""
  version: ~1
- name: resource-quota
  repository: ""
  version: ~1
- name: limit-range
  repository: ""
  version: ~1
digest: sha256:1dc7a902641c0f3f9975e2aeb6b0f87d1ca314483592a736d8483e5befc99174
generated: "2023-04-20T14:54:40.788211+04:00"
