dependencies:
- name: apf
  repository: ""
  version: ~1
- name: rook-ceph
  repository: https://charts.rook.io/release
  version: v1.11.1
- name: rook-ceph-cluster
  repository: https://charts.rook.io/release
  version: v1.11.1
digest: sha256:57ae9b47ada890a41219d804736c9c22ded2ea4b28d69bd7fffa4e194aa0f517
generated: "2023-03-15T18:00:19.24395+08:00"
