dependencies:
- name: apf
  repository: ""
  version: ~1
- name: admission-controller
  repository: ""
  version: ~1
- name: resource-quota
  repository: ""
  version: ~1
- name: limit-range
  repository: ""
  version: ~1
- name: network-checker
  repository: ""
  version: ~1
digest: sha256:dd9569ea1c622c92c864c7183db2d4c4bdb4b007ecacd04d70e915c69cd4e38f
generated: "2023-04-23T16:04:45.193547+04:00"
